
Microsoft Visual Studio Solution File, Format Version 12.00
# Visual Studio 2013
VisualStudioVersion = 12.0.30501.0
MinimumVisualStudioVersion = 10.0.40219.1
Project("{8BC9CEB8-8B4A-11D0-8D11-00A0C91BC942}") = "Full Permutation全排列", "Full Permutation全排列\Full Permutation全排列.vcxproj", "{C7EED2F4-9CD3-45E1-8E0E-46882D4B3B5F}"
EndProject
Global
	GlobalSection(SolutionConfigurationPlatforms) = preSolution
		Debug|Win32 = Debug|Win32
		Release|Win32 = Release|Win32
	EndGlobalSection
	GlobalSection(ProjectConfigurationPlatforms) = postSolution
		{C7EED2F4-9CD3-45E1-8E0E-46882D4B3B5F}.Debug|Win32.ActiveCfg = Debug|Win32
		{C7EED2F4-9CD3-45E1-8E0E-46882D4B3B5F}.Debug|Win32.Build.0 = Debug|Win32
		{C7EED2F4-9CD3-45E1-8E0E-46882D4B3B5F}.Release|Win32.ActiveCfg = Release|Win32
		{C7EED2F4-9CD3-45E1-8E0E-46882D4B3B5F}.Release|Win32.Build.0 = Release|Win32
	EndGlobalSection
	GlobalSection(SolutionProperties) = preSolution
		HideSolutionNode = FALSE
	EndGlobalSection
EndGlobal
